
Microsoft Visual Studio Solution File, Format Version 12.00
Project("{FAE04EC0-301F-11D3-BF4B-00C04F79EFBC}") = "BlazorWasmMemoryCardGame", "BlazorWasmMemoryCardGame\BlazorWasmMemoryCardGame.csproj", "{650F1638-1456-4552-A238-39FADD016D75}"
EndProject
Global
	GlobalSection(SolutionConfigurationPlatforms) = preSolution
		Debug|Any CPU = Debug|Any CPU
		Release|Any CPU = Release|Any CPU
	EndGlobalSection
	GlobalSection(ProjectConfigurationPlatforms) = postSolution
		{650F1638-1456-4552-A238-39FADD016D75}.Debug|Any CPU.ActiveCfg = Debug|Any CPU
		{650F1638-1456-4552-A238-39FADD016D75}.Debug|Any CPU.Build.0 = Debug|Any CPU
		{650F1638-1456-4552-A238-39FADD016D75}.Release|Any CPU.ActiveCfg = Release|Any CPU
		{650F1638-1456-4552-A238-39FADD016D75}.Release|Any CPU.Build.0 = Release|Any CPU
	EndGlobalSection
EndGlobal
